
Microsoft Visual Studio Solution File, Format Version 12.00
# Visual Studio Version 17
VisualStudioVersion = 17.14.36511.14 d17.14
MinimumVisualStudioVersion = 10.0.40219.1
Project("{FAE04EC0-301F-11D3-BF4B-00C04F79EFBC}") = "proyecto final OOP", "proyecto final OOP\proyecto final OOP.csproj", "{34E33955-8F51-49E1-93E0-BCFD4DCF17AB}"
EndProject
Global
	GlobalSection(SolutionConfigurationPlatforms) = preSolution
		Debug|Any CPU = Debug|Any CPU
		Release|Any CPU = Release|Any CPU
	EndGlobalSection
	GlobalSection(ProjectConfigurationPlatforms) = postSolution
		{34E33955-8F51-49E1-93E0-BCFD4DCF17AB}.Debug|Any CPU.ActiveCfg = Debug|Any CPU
		{34E33955-8F51-49E1-93E0-BCFD4DCF17AB}.Debug|Any CPU.Build.0 = Debug|Any CPU
		{34E33955-8F51-49E1-93E0-BCFD4DCF17AB}.Release|Any CPU.ActiveCfg = Release|Any CPU
		{34E33955-8F51-49E1-93E0-BCFD4DCF17AB}.Release|Any CPU.Build.0 = Release|Any CPU
	EndGlobalSection
	GlobalSection(SolutionProperties) = preSolution
		HideSolutionNode = FALSE
	EndGlobalSection
	GlobalSection(ExtensibilityGlobals) = postSolution
		SolutionGuid = {CAE54BEF-2EC9-4C09-B033-377C08EE78FD}
	EndGlobalSection
EndGlobal
